
Microsoft Visual Studio Solution File, Format Version 12.00
# Visual Studio Version 17
VisualStudioVersion = 17.5.002.0
MinimumVisualStudioVersion = 10.0.40219.1
Project("{9A19103F-16F7-4668-BE54-9A1E7A4F7556}") = "Assessment-MarianaPerezSerna", "Assessment-MarianaPerezSerna.csproj", "{176D6AE4-2E4E-4200-9C06-1836EEA9480F}"
EndProject
Global
	GlobalSection(SolutionConfigurationPlatforms) = preSolution
		Debug|Any CPU = Debug|Any CPU
		Release|Any CPU = Release|Any CPU
	EndGlobalSection
	GlobalSection(ProjectConfigurationPlatforms) = postSolution
		{176D6AE4-2E4E-4200-9C06-1836EEA9480F}.Debug|Any CPU.ActiveCfg = Debug|Any CPU
		{176D6AE4-2E4E-4200-9C06-1836EEA9480F}.Debug|Any CPU.Build.0 = Debug|Any CPU
		{176D6AE4-2E4E-4200-9C06-1836EEA9480F}.Release|Any CPU.ActiveCfg = Release|Any CPU
		{176D6AE4-2E4E-4200-9C06-1836EEA9480F}.Release|Any CPU.Build.0 = Release|Any CPU
	EndGlobalSection
	GlobalSection(SolutionProperties) = preSolution
		HideSolutionNode = FALSE
	EndGlobalSection
	GlobalSection(ExtensibilityGlobals) = postSolution
		SolutionGuid = {661EFF37-1ADF-442C-83DA-0FAFA95DA338}
	EndGlobalSection
EndGlobal
